
Microsoft Visual Studio Solution File, Format Version 12.00
# Visual Studio 2013
VisualStudioVersion = 12.0.21005.1
MinimumVisualStudioVersion = 10.0.40219.1
Project("{FAE04EC0-301F-11D3-BF4B-00C04F79EFBC}") = "160824 TasKagıtMakasOyunu", "160824 TasKagıtMakasOyunu\160824 TasKagıtMakasOyunu.csproj", "{2B81DA30-5BF6-42BE-9F77-AFB3B8981490}"
EndProject
Global
	GlobalSection(SolutionConfigurationPlatforms) = preSolution
		Debug|Any CPU = Debug|Any CPU
		Release|Any CPU = Release|Any CPU
	EndGlobalSection
	GlobalSection(ProjectConfigurationPlatforms) = postSolution
		{2B81DA30-5BF6-42BE-9F77-AFB3B8981490}.Debug|Any CPU.ActiveCfg = Debug|Any CPU
		{2B81DA30-5BF6-42BE-9F77-AFB3B8981490}.Debug|Any CPU.Build.0 = Debug|Any CPU
		{2B81DA30-5BF6-42BE-9F77-AFB3B8981490}.Release|Any CPU.ActiveCfg = Release|Any CPU
		{2B81DA30-5BF6-42BE-9F77-AFB3B8981490}.Release|Any CPU.Build.0 = Release|Any CPU
	EndGlobalSection
	GlobalSection(SolutionProperties) = preSolution
		HideSolutionNode = FALSE
	EndGlobalSection
EndGlobal
